// !$*UTF8*$!
{
	archiveVersion = 1;
	classes = {
	};
	objectVersion = 48;
	objects = {

/* Begin PBXBuildFile section */
		41A7497E97A4C242CDF34369 /* Pods_BookPlace.framework in Frameworks */ = {isa = PBXBuildFile; fileRef = E57C57927A7640410D132030 /* Pods_BookPlace.framework */; };
		783D192820270BF000C24E60 /* SearchViewController.swift in Sources */ = {isa = PBXBuildFile; fileRef = 783D192720270BF000C24E60 /* SearchViewController.swift */; };
		783D192A20270C5800C24E60 /* DetailsViewController.swift in Sources */ = {isa = PBXBuildFile; fileRef = 783D192920270C5800C24E60 /* DetailsViewController.swift */; };
		783D192C20270CB400C24E60 /* BasketViewController.swift in Sources */ = {isa = PBXBuildFile; fileRef = 783D192B20270CB400C24E60 /* BasketViewController.swift */; };
		783D192E20270CE300C24E60 /* BasketDetailViewController.swift in Sources */ = {isa = PBXBuildFile; fileRef = 783D192D20270CE300C24E60 /* BasketDetailViewController.swift */; };
		783D193420270DEA00C24E60 /* CoreDataManager.swift in Sources */ = {isa = PBXBuildFile; fileRef = 783D193320270DEA00C24E60 /* CoreDataManager.swift */; };
		78DC104E20266B6300187398 /* BookPlaceTBC.swift in Sources */ = {isa = PBXBuildFile; fileRef = 78DC104D20266B6300187398 /* BookPlaceTBC.swift */; };
		78E607E02026195C00E2A6B8 /* AppDelegate.swift in Sources */ = {isa = PBXBuildFile; fileRef = 78E607DF2026195C00E2A6B8 /* AppDelegate.swift */; };
		78E607E22026195C00E2A6B8 /* LoginViewController.swift in Sources */ = {isa = PBXBuildFile; fileRef = 78E607E12026195C00E2A6B8 /* LoginViewController.swift */; };
		78E607E52026195C00E2A6B8 /* Login.storyboard in Resources */ = {isa = PBXBuildFile; fileRef = 78E607E32026195C00E2A6B8 /* Login.storyboard */; };
		78E607E82026195D00E2A6B8 /* BookPlace.xcdatamodeld in Sources */ = {isa = PBXBuildFile; fileRef = 78E607E62026195D00E2A6B8 /* BookPlace.xcdatamodeld */; };
		78E607EA2026195D00E2A6B8 /* Assets.xcassets in Resources */ = {isa = PBXBuildFile; fileRef = 78E607E92026195D00E2A6B8 /* Assets.xcassets */; };
		78E607ED2026195D00E2A6B8 /* LaunchScreen.storyboard in Resources */ = {isa = PBXBuildFile; fileRef = 78E607EB2026195D00E2A6B8 /* LaunchScreen.storyboard */; };
		78E607F72026633700E2A6B8 /* Main.storyboard in Resources */ = {isa = PBXBuildFile; fileRef = 78E607F62026633700E2A6B8 /* Main.storyboard */; };
		78E607F92026658600E2A6B8 /* AccountViewController.swift in Sources */ = {isa = PBXBuildFile; fileRef = 78E607F82026658600E2A6B8 /* AccountViewController.swift */; };
/* End PBXBuildFile section */

/* Begin PBXFileReference section */
		3F86565CE480CAF8B08640EF /* Pods-BookPlace.release.xcconfig */ = {isa = PBXFileReference; includeInIndex = 1; lastKnownFileType = text.xcconfig; name = "Pods-BookPlace.release.xcconfig"; path = "Pods/Target Support Files/Pods-BookPlace/Pods-BookPlace.release.xcconfig"; sourceTree = "<group>"; };
		783D192720270BF000C24E60 /* SearchViewController.swift */ = {isa = PBXFileReference; lastKnownFileType = sourcecode.swift; path = SearchViewController.swift; sourceTree = "<group>"; };
		783D192920270C5800C24E60 /* DetailsViewController.swift */ = {isa = PBXFileReference; lastKnownFileType = sourcecode.swift; path = DetailsViewController.swift; sourceTree = "<group>"; };
		783D192B20270CB400C24E60 /* BasketViewController.swift */ = {isa = PBXFileReference; lastKnownFileType = sourcecode.swift; path = BasketViewController.swift; sourceTree = "<group>"; };
		783D192D20270CE300C24E60 /* BasketDetailViewController.swift */ = {isa = PBXFileReference; lastKnownFileType = sourcecode.swift; path = BasketDetailViewController.swift; sourceTree = "<group>"; };
		783D193320270DEA00C24E60 /* CoreDataManager.swift */ = {isa = PBXFileReference; lastKnownFileType = sourcecode.swift; path = CoreDataManager.swift; sourceTree = "<group>"; };
		78DC104D20266B6300187398 /* BookPlaceTBC.swift */ = {isa = PBXFileReference; lastKnownFileType = sourcecode.swift; path = BookPlaceTBC.swift; sourceTree = "<group>"; };
		78E607DC2026195C00E2A6B8 /* BookPlace.app */ = {isa = PBXFileReference; explicitFileType = wrapper.application; includeInIndex = 0; path = BookPlace.app; sourceTree = BUILT_PRODUCTS_DIR; };
		78E607DF2026195C00E2A6B8 /* AppDelegate.swift */ = {isa = PBXFileReference; lastKnownFileType = sourcecode.swift; path = AppDelegate.swift; sourceTree = "<group>"; };
		78E607E12026195C00E2A6B8 /* LoginViewController.swift */ = {isa = PBXFileReference; lastKnownFileType = sourcecode.swift; path = LoginViewController.swift; sourceTree = "<group>"; };
		78E607E42026195C00E2A6B8 /* Base */ = {isa = PBXFileReference; lastKnownFileType = file.storyboard; name = Base; path = Base.lproj/Login.storyboard; sourceTree = "<group>"; };
		78E607E72026195D00E2A6B8 /* BookPlace.xcdatamodel */ = {isa = PBXFileReference; lastKnownFileType = wrapper.xcdatamodel; path = BookPlace.xcdatamodel; sourceTree = "<group>"; };
		78E607E92026195D00E2A6B8 /* Assets.xcassets */ = {isa = PBXFileReference; lastKnownFileType = folder.assetcatalog; path = Assets.xcassets; sourceTree = "<group>"; };
		78E607EC2026195D00E2A6B8 /* Base */ = {isa = PBXFileReference; lastKnownFileType = file.storyboard; name = Base; path = Base.lproj/LaunchScreen.storyboard; sourceTree = "<group>"; };
		78E607EE2026195D00E2A6B8 /* Info.plist */ = {isa = PBXFileReference; lastKnownFileType = text.plist.xml; path = Info.plist; sourceTree = "<group>"; };
		78E607F62026633700E2A6B8 /* Main.storyboard */ = {isa = PBXFileReference; lastKnownFileType = file.storyboard; path = Main.storyboard; sourceTree = "<group>"; };
		78E607F82026658600E2A6B8 /* AccountViewController.swift */ = {isa = PBXFileReference; lastKnownFileType = sourcecode.swift; path = AccountViewController.swift; sourceTree = "<group>"; };
		A2DE240D3DA7A06CE05129C6 /* Pods-BookPlace.debug.xcconfig */ = {isa = PBXFileReference; includeInIndex = 1; lastKnownFileType = text.xcconfig; name = "Pods-BookPlace.debug.xcconfig"; path = "Pods/Target Support Files/Pods-BookPlace/Pods-BookPlace.debug.xcconfig"; sourceTree = "<group>"; };
		E57C57927A7640410D132030 /* Pods_BookPlace.framework */ = {isa = PBXFileReference; explicitFileType = wrapper.framework; includeInIndex = 0; path = Pods_BookPlace.framework; sourceTree = BUILT_PRODUCTS_DIR; };
/* End PBXFileReference section */

/* Begin PBXFrameworksBuildPhase section */
		78E607D92026195C00E2A6B8 /* Frameworks */ = {
			isa = PBXFrameworksBuildPhase;
			buildActionMask = 2147483647;
			files = (
				41A7497E97A4C242CDF34369 /* Pods_BookPlace.framework in Frameworks */,
			);
			runOnlyForDeploymentPostprocessing = 0;
		};
/* End PBXFrameworksBuildPhase section */

/* Begin PBXGroup section */
		783D1924202705AA00C24E60 /* Support Files */ = {
			isa = PBXGroup;
			children = (
				78E607DF2026195C00E2A6B8 /* AppDelegate.swift */,
				78E607E92026195D00E2A6B8 /* Assets.xcassets */,
				78E607EB2026195D00E2A6B8 /* LaunchScreen.storyboard */,
				78E607EE2026195D00E2A6B8 /* Info.plist */,
				78E607E62026195D00E2A6B8 /* BookPlace.xcdatamodeld */,
				783D193320270DEA00C24E60 /* CoreDataManager.swift */,
			);
			path = "Support Files";
			sourceTree = "<group>";
		};
		783D1925202705E400C24E60 /* LoginView */ = {
			isa = PBXGroup;
			children = (
				78E607E12026195C00E2A6B8 /* LoginViewController.swift */,
				78E607E32026195C00E2A6B8 /* Login.storyboard */,
			);
			path = LoginView;
			sourceTree = "<group>";
		};
		783D1926202706B600C24E60 /* MainViews */ = {
			isa = PBXGroup;
			children = (
				78E607F62026633700E2A6B8 /* Main.storyboard */,
				78DC104D20266B6300187398 /* BookPlaceTBC.swift */,
				783D192F20270D0200C24E60 /* SearchViews */,
				783D193020270D2100C24E60 /* BasketViews */,
				78E607F82026658600E2A6B8 /* AccountViewController.swift */,
			);
			path = MainViews;
			sourceTree = "<group>";
		};
		783D192F20270D0200C24E60 /* SearchViews */ = {
			isa = PBXGroup;
			children = (
				783D192720270BF000C24E60 /* SearchViewController.swift */,
				783D192920270C5800C24E60 /* DetailsViewController.swift */,
			);
			path = SearchViews;
			sourceTree = "<group>";
		};
		783D193020270D2100C24E60 /* BasketViews */ = {
			isa = PBXGroup;
			children = (
				783D192B20270CB400C24E60 /* BasketViewController.swift */,
				783D192D20270CE300C24E60 /* BasketDetailViewController.swift */,
			);
			path = BasketViews;
			sourceTree = "<group>";
		};
		78E607D32026195C00E2A6B8 = {
			isa = PBXGroup;
			children = (
				78E607DE2026195C00E2A6B8 /* BookPlace */,
				78E607DD2026195C00E2A6B8 /* Products */,
				B3A9761F86E0B0C8E0BA396A /* Pods */,
				D97D41BBEEA5AE00E421CDF0 /* Frameworks */,
			);
			sourceTree = "<group>";
		};
		78E607DD2026195C00E2A6B8 /* Products */ = {
			isa = PBXGroup;
			children = (
				78E607DC2026195C00E2A6B8 /* BookPlace.app */,
			);
			name = Products;
			sourceTree = "<group>";
		};
		78E607DE2026195C00E2A6B8 /* BookPlace */ = {
			isa = PBXGroup;
			children = (
				783D1925202705E400C24E60 /* LoginView */,
				783D1926202706B600C24E60 /* MainViews */,
				783D1924202705AA00C24E60 /* Support Files */,
			);
			path = BookPlace;
			sourceTree = "<group>";
		};
		B3A9761F86E0B0C8E0BA396A /* Pods */ = {
			isa = PBXGroup;
			children = (
				A2DE240D3DA7A06CE05129C6 /* Pods-BookPlace.debug.xcconfig */,
				3F86565CE480CAF8B08640EF /* Pods-BookPlace.release.xcconfig */,
			);
			name = Pods;
			sourceTree = "<group>";
		};
		D97D41BBEEA5AE00E421CDF0 /* Frameworks */ = {
			isa = PBXGroup;
			children = (
				E57C57927A7640410D132030 /* Pods_BookPlace.framework */,
			);
			name = Frameworks;
			sourceTree = "<group>";
		};
/* End PBXGroup section */

/* Begin PBXNativeTarget section */
		78E607DB2026195C00E2A6B8 /* BookPlace */ = {
			isa = PBXNativeTarget;
			buildConfigurationList = 78E607F12026195D00E2A6B8 /* Build configuration list for PBXNativeTarget "BookPlace" */;
			buildPhases = (
				2E9005CDAA6BB9CDC5751777 /* [CP] Check Pods Manifest.lock */,
				78E607D82026195C00E2A6B8 /* Sources */,
				78E607D92026195C00E2A6B8 /* Frameworks */,
				78E607DA2026195C00E2A6B8 /* Resources */,
				5973F0147CE5787D0CC48BFA /* [CP] Embed Pods Frameworks */,
				AA3ED57B8D9568A95CD5D2CE /* [CP] Copy Pods Resources */,
			);
			buildRules = (
			);
			dependencies = (
			);
			name = BookPlace;
			productName = BookPlace;
			productReference = 78E607DC2026195C00E2A6B8 /* BookPlace.app */;
			productType = "com.apple.product-type.application";
		};
/* End PBXNativeTarget section */

/* Begin PBXProject section */
		78E607D42026195C00E2A6B8 /* Project object */ = {
			isa = PBXProject;
			attributes = {
				LastSwiftUpdateCheck = 0920;
				LastUpgradeCheck = 0920;
				ORGANIZATIONNAME = Nazar;
				TargetAttributes = {
					78E607DB2026195C00E2A6B8 = {
						CreatedOnToolsVersion = 9.2;
						ProvisioningStyle = Automatic;
					};
				};
			};
			buildConfigurationList = 78E607D72026195C00E2A6B8 /* Build configuration list for PBXProject "BookPlace" */;
			compatibilityVersion = "Xcode 8.0";
			developmentRegion = en;
			hasScannedForEncodings = 0;
			knownRegions = (
				en,
				Base,
			);
			mainGroup = 78E607D32026195C00E2A6B8;
			productRefGroup = 78E607DD2026195C00E2A6B8 /* Products */;
			projectDirPath = "";
			projectRoot = "";
			targets = (
				78E607DB2026195C00E2A6B8 /* BookPlace */,
			);
		};
/* End PBXProject section */

/* Begin PBXResourcesBuildPhase section */
		78E607DA2026195C00E2A6B8 /* Resources */ = {
			isa = PBXResourcesBuildPhase;
			buildActionMask = 2147483647;
			files = (
				78E607ED2026195D00E2A6B8 /* LaunchScreen.storyboard in Resources */,
				78E607EA2026195D00E2A6B8 /* Assets.xcassets in Resources */,
				78E607E52026195C00E2A6B8 /* Login.storyboard in Resources */,
				78E607F72026633700E2A6B8 /* Main.storyboard in Resources */,
			);
			runOnlyForDeploymentPostprocessing = 0;
		};
/* End PBXResourcesBuildPhase section */

/* Begin PBXShellScriptBuildPhase section */
		2E9005CDAA6BB9CDC5751777 /* [CP] Check Pods Manifest.lock */ = {
			isa = PBXShellScriptBuildPhase;
			buildActionMask = 2147483647;
			files = (
			);
			inputPaths = (
				"${PODS_PODFILE_DIR_PATH}/Podfile.lock",
				"${PODS_ROOT}/Manifest.lock",
			);
			name = "[CP] Check Pods Manifest.lock";
			outputPaths = (
				"$(DERIVED_FILE_DIR)/Pods-BookPlace-checkManifestLockResult.txt",
			);
			runOnlyForDeploymentPostprocessing = 0;
			shellPath = /bin/sh;
			shellScript = "diff \"${PODS_PODFILE_DIR_PATH}/Podfile.lock\" \"${PODS_ROOT}/Manifest.lock\" > /dev/null\nif [ $? != 0 ] ; then\n    # print error to STDERR\n    echo \"error: The sandbox is not in sync with the Podfile.lock. Run 'pod install' or update your CocoaPods installation.\" >&2\n    exit 1\nfi\n# This output is used by Xcode 'outputs' to avoid re-running this script phase.\necho \"SUCCESS\" > \"${SCRIPT_OUTPUT_FILE_0}\"\n";
			showEnvVarsInLog = 0;
		};
		5973F0147CE5787D0CC48BFA /* [CP] Embed Pods Frameworks */ = {
			isa = PBXShellScriptBuildPhase;
			buildActionMask = 2147483647;
			files = (
			);
			inputPaths = (
				"${SRCROOT}/Pods/Target Support Files/Pods-BookPlace/Pods-BookPlace-frameworks.sh",
				"${BUILT_PRODUCTS_DIR}/GTMOAuth2/GTMOAuth2.framework",
				"${BUILT_PRODUCTS_DIR}/GTMSessionFetcher/GTMSessionFetcher.framework",
				"${BUILT_PRODUCTS_DIR}/GoogleToolboxForMac/GoogleToolboxForMac.framework",
				"${BUILT_PRODUCTS_DIR}/Kingfisher/Kingfisher.framework",
			);
			name = "[CP] Embed Pods Frameworks";
			outputPaths = (
				"${TARGET_BUILD_DIR}/${FRAMEWORKS_FOLDER_PATH}/GTMOAuth2.framework",
				"${TARGET_BUILD_DIR}/${FRAMEWORKS_FOLDER_PATH}/GTMSessionFetcher.framework",
				"${TARGET_BUILD_DIR}/${FRAMEWORKS_FOLDER_PATH}/GoogleToolboxForMac.framework",
				"${TARGET_BUILD_DIR}/${FRAMEWORKS_FOLDER_PATH}/Kingfisher.framework",
			);
			runOnlyForDeploymentPostprocessing = 0;
			shellPath = /bin/sh;
			shellScript = "\"${SRCROOT}/Pods/Target Support Files/Pods-BookPlace/Pods-BookPlace-frameworks.sh\"\n";
			showEnvVarsInLog = 0;
		};
		AA3ED57B8D9568A95CD5D2CE /* [CP] Copy Pods Resources */ = {
			isa = PBXShellScriptBuildPhase;
			buildActionMask = 2147483647;
			files = (
			);
			inputPaths = (
				"${SRCROOT}/Pods/Target Support Files/Pods-BookPlace/Pods-BookPlace-resources.sh",
				"${PODS_ROOT}/GoogleSignIn/Resources/GoogleSignIn.bundle",
			);
			name = "[CP] Copy Pods Resources";
			outputPaths = (
				"${TARGET_BUILD_DIR}/${UNLOCALIZED_RESOURCES_FOLDER_PATH}",
			);
			runOnlyForDeploymentPostprocessing = 0;
			shellPath = /bin/sh;
			shellScript = "\"${SRCROOT}/Pods/Target Support Files/Pods-BookPlace/Pods-BookPlace-resources.sh\"\n";
			showEnvVarsInLog = 0;
		};
/* End PBXShellScriptBuildPhase section */

/* Begin PBXSourcesBuildPhase section */
		78E607D82026195C00E2A6B8 /* Sources */ = {
			isa = PBXSourcesBuildPhase;
			buildActionMask = 2147483647;
			files = (
				783D192820270BF000C24E60 /* SearchViewController.swift in Sources */,
				78E607E22026195C00E2A6B8 /* LoginViewController.swift in Sources */,
				78DC104E20266B6300187398 /* BookPlaceTBC.swift in Sources */,
				78E607E82026195D00E2A6B8 /* BookPlace.xcdatamodeld in Sources */,
				783D192E20270CE300C24E60 /* BasketDetailViewController.swift in Sources */,
				783D192A20270C5800C24E60 /* DetailsViewController.swift in Sources */,
				78E607F92026658600E2A6B8 /* AccountViewController.swift in Sources */,
				783D192C20270CB400C24E60 /* BasketViewController.swift in Sources */,
				783D193420270DEA00C24E60 /* CoreDataManager.swift in Sources */,
				78E607E02026195C00E2A6B8 /* AppDelegate.swift in Sources */,
			);
			runOnlyForDeploymentPostprocessing = 0;
		};
/* End PBXSourcesBuildPhase section */

/* Begin PBXVariantGroup section */
		78E607E32026195C00E2A6B8 /* Login.storyboard */ = {
			isa = PBXVariantGroup;
			children = (
				78E607E42026195C00E2A6B8 /* Base */,
			);
			name = Login.storyboard;
			sourceTree = "<group>";
		};
		78E607EB2026195D00E2A6B8 /* LaunchScreen.storyboard */ = {
			isa = PBXVariantGroup;
			children = (
				78E607EC2026195D00E2A6B8 /* Base */,
			);
			name = LaunchScreen.storyboard;
			sourceTree = "<group>";
		};
/* End PBXVariantGroup section */

/* Begin XCBuildConfiguration section */
		78E607EF2026195D00E2A6B8 /* Debug */ = {
			isa = XCBuildConfiguration;
			buildSettings = {
				ALWAYS_SEARCH_USER_PATHS = NO;
				CLANG_ANALYZER_NONNULL = YES;
				CLANG_ANALYZER_NUMBER_OBJECT_CONVERSION = YES_AGGRESSIVE;
				CLANG_CXX_LANGUAGE_STANDARD = "gnu++14";
				CLANG_CXX_LIBRARY = "libc++";
				CLANG_ENABLE_MODULES = YES;
				CLANG_ENABLE_OBJC_ARC = YES;
				CLANG_WARN_BLOCK_CAPTURE_AUTORELEASING = YES;
				CLANG_WARN_BOOL_CONVERSION = YES;
				CLANG_WARN_COMMA = YES;
				CLANG_WARN_CONSTANT_CONVERSION = YES;
				CLANG_WARN_DIRECT_OBJC_ISA_USAGE = YES_ERROR;
				CLANG_WARN_DOCUMENTATION_COMMENTS = YES;
				CLANG_WARN_EMPTY_BODY = YES;
				CLANG_WARN_ENUM_CONVERSION = YES;
				CLANG_WARN_INFINITE_RECURSION = YES;
				CLANG_WARN_INT_CONVERSION = YES;
				CLANG_WARN_NON_LITERAL_NULL_CONVERSION = YES;
				CLANG_WARN_OBJC_LITERAL_CONVERSION = YES;
				CLANG_WARN_OBJC_ROOT_CLASS = YES_ERROR;
				CLANG_WARN_RANGE_LOOP_ANALYSIS = YES;
				CLANG_WARN_STRICT_PROTOTYPES = YES;
				CLANG_WARN_SUSPICIOUS_MOVE = YES;
				CLANG_WARN_UNGUARDED_AVAILABILITY = YES_AGGRESSIVE;
				CLANG_WARN_UNREACHABLE_CODE = YES;
				CLANG_WARN__DUPLICATE_METHOD_MATCH = YES;
				CODE_SIGN_IDENTITY = "iPhone Developer";
				COPY_PHASE_STRIP = NO;
				DEBUG_INFORMATION_FORMAT = dwarf;
				ENABLE_STRICT_OBJC_MSGSEND = YES;
				ENABLE_TESTABILITY = YES;
				GCC_C_LANGUAGE_STANDARD = gnu11;
				GCC_DYNAMIC_NO_PIC = NO;
				GCC_NO_COMMON_BLOCKS = YES;
				GCC_OPTIMIZATION_LEVEL = 0;
				GCC_PREPROCESSOR_DEFINITIONS = (
					"DEBUG=1",
					"$(inherited)",
				);
				GCC_WARN_64_TO_32_BIT_CONVERSION = YES;
				GCC_WARN_ABOUT_RETURN_TYPE = YES_ERROR;
				GCC_WARN_UNDECLARED_SELECTOR = YES;
				GCC_WARN_UNINITIALIZED_AUTOS = YES_AGGRESSIVE;
				GCC_WARN_UNUSED_FUNCTION = YES;
				GCC_WARN_UNUSED_VARIABLE = YES;
				IPHONEOS_DEPLOYMENT_TARGET = 11.2;
				MTL_ENABLE_DEBUG_INFO = YES;
				ONLY_ACTIVE_ARCH = YES;
				SDKROOT = iphoneos;
				SWIFT_ACTIVE_COMPILATION_CONDITIONS = DEBUG;
				SWIFT_OPTIMIZATION_LEVEL = "-Onone";
			};
			name = Debug;
		};
		78E607F02026195D00E2A6B8 /* Release */ = {
			isa = XCBuildConfiguration;
			buildSettings = {
				ALWAYS_SEARCH_USER_PATHS = NO;
				CLANG_ANALYZER_NONNULL = YES;
				CLANG_ANALYZER_NUMBER_OBJECT_CONVERSION = YES_AGGRESSIVE;
				CLANG_CXX_LANGUAGE_STANDARD = "gnu++14";
				CLANG_CXX_LIBRARY = "libc++";
				CLANG_ENABLE_MODULES = YES;
				CLANG_ENABLE_OBJC_ARC = YES;
				CLANG_WARN_BLOCK_CAPTURE_AUTORELEASING = YES;
				CLANG_WARN_BOOL_CONVERSION = YES;
				CLANG_WARN_COMMA = YES;
				CLANG_WARN_CONSTANT_CONVERSION = YES;
				CLANG_WARN_DIRECT_OBJC_ISA_USAGE = YES_ERROR;
				CLANG_WARN_DOCUMENTATION_COMMENTS = YES;
				CLANG_WARN_EMPTY_BODY = YES;
				CLANG_WARN_ENUM_CONVERSION = YES;
				CLANG_WARN_INFINITE_RECURSION = YES;
				CLANG_WARN_INT_CONVERSION = YES;
				CLANG_WARN_NON_LITERAL_NULL_CONVERSION = YES;
				CLANG_WARN_OBJC_LITERAL_CONVERSION = YES;
				CLANG_WARN_OBJC_ROOT_CLASS = YES_ERROR;
				CLANG_WARN_RANGE_LOOP_ANALYSIS = YES;
				CLANG_WARN_STRICT_PROTOTYPES = YES;
				CLANG_WARN_SUSPICIOUS_MOVE = YES;
				CLANG_WARN_UNGUARDED_AVAILABILITY = YES_AGGRESSIVE;
				CLANG_WARN_UNREACHABLE_CODE = YES;
				CLANG_WARN__DUPLICATE_METHOD_MATCH = YES;
				CODE_SIGN_IDENTITY = "iPhone Developer";
				COPY_PHASE_STRIP = NO;
				DEBUG_INFORMATION_FORMAT = "dwarf-with-dsym";
				ENABLE_NS_ASSERTIONS = NO;
				ENABLE_STRICT_OBJC_MSGSEND = YES;
				GCC_C_LANGUAGE_STANDARD = gnu11;
				GCC_NO_COMMON_BLOCKS = YES;
				GCC_WARN_64_TO_32_BIT_CONVERSION = YES;
				GCC_WARN_ABOUT_RETURN_TYPE = YES_ERROR;
				GCC_WARN_UNDECLARED_SELECTOR = YES;
				GCC_WARN_UNINITIALIZED_AUTOS = YES_AGGRESSIVE;
				GCC_WARN_UNUSED_FUNCTION = YES;
				GCC_WARN_UNUSED_VARIABLE = YES;
				IPHONEOS_DEPLOYMENT_TARGET = 11.2;
				MTL_ENABLE_DEBUG_INFO = NO;
				SDKROOT = iphoneos;
				SWIFT_OPTIMIZATION_LEVEL = "-Owholemodule";
				VALIDATE_PRODUCT = YES;
			};
			name = Release;
		};
		78E607F22026195D00E2A6B8 /* Debug */ = {
			isa = XCBuildConfiguration;
			baseConfigurationReference = A2DE240D3DA7A06CE05129C6 /* Pods-BookPlace.debug.xcconfig */;
			buildSettings = {
				ASSETCATALOG_COMPILER_APPICON_NAME = AppIcon;
				CODE_SIGN_STYLE = Automatic;
				DEVELOPMENT_TEAM = YB2776JFYB;
				INFOPLIST_FILE = "$(SRCROOT)/BookPlace/Support Files/Info.plist";
				IPHONEOS_DEPLOYMENT_TARGET = 10.0;
				LD_RUNPATH_SEARCH_PATHS = "$(inherited) @executable_path/Frameworks";
				PRODUCT_BUNDLE_IDENTIFIER = com.NazarSoft.BookPlace;
				PRODUCT_NAME = "$(TARGET_NAME)";
				SWIFT_VERSION = 4.0;
				TARGETED_DEVICE_FAMILY = 1;
			};
			name = Debug;
		};
		78E607F32026195D00E2A6B8 /* Release */ = {
			isa = XCBuildConfiguration;
			baseConfigurationReference = 3F86565CE480CAF8B08640EF /* Pods-BookPlace.release.xcconfig */;
			buildSettings = {
				ASSETCATALOG_COMPILER_APPICON_NAME = AppIcon;
				CODE_SIGN_STYLE = Automatic;
				DEVELOPMENT_TEAM = YB2776JFYB;
				INFOPLIST_FILE = "$(SRCROOT)/BookPlace/Support Files/Info.plist";
				IPHONEOS_DEPLOYMENT_TARGET = 10.0;
				LD_RUNPATH_SEARCH_PATHS = "$(inherited) @executable_path/Frameworks";
				PRODUCT_BUNDLE_IDENTIFIER = com.NazarSoft.BookPlace;
				PRODUCT_NAME = "$(TARGET_NAME)";
				SWIFT_VERSION = 4.0;
				TARGETED_DEVICE_FAMILY = 1;
			};
			name = Release;
		};
/* End XCBuildConfiguration section */

/* Begin XCConfigurationList section */
		78E607D72026195C00E2A6B8 /* Build configuration list for PBXProject "BookPlace" */ = {
			isa = XCConfigurationList;
			buildConfigurations = (
				78E607EF2026195D00E2A6B8 /* Debug */,
				78E607F02026195D00E2A6B8 /* Release */,
			);
			defaultConfigurationIsVisible = 0;
			defaultConfigurationName = Release;
		};
		78E607F12026195D00E2A6B8 /* Build configuration list for PBXNativeTarget "BookPlace" */ = {
			isa = XCConfigurationList;
			buildConfigurations = (
				78E607F22026195D00E2A6B8 /* Debug */,
				78E607F32026195D00E2A6B8 /* Release */,
			);
			defaultConfigurationIsVisible = 0;
			defaultConfigurationName = Release;
		};
/* End XCConfigurationList section */

/* Begin XCVersionGroup section */
		78E607E62026195D00E2A6B8 /* BookPlace.xcdatamodeld */ = {
			isa = XCVersionGroup;
			children = (
				78E607E72026195D00E2A6B8 /* BookPlace.xcdatamodel */,
			);
			currentVersion = 78E607E72026195D00E2A6B8 /* BookPlace.xcdatamodel */;
			path = BookPlace.xcdatamodeld;
			sourceTree = "<group>";
			versionGroupType = wrapper.xcdatamodel;
		};
/* End XCVersionGroup section */
	};
	rootObject = 78E607D42026195C00E2A6B8 /* Project object */;
}
